
Microsoft Visual Studio Solution File, Format Version 12.00
# Visual Studio Version 16
VisualStudioVersion = 16.0.31313.79
MinimumVisualStudioVersion = 10.0.40219.1
Project("{FAE04EC0-301F-11D3-BF4B-00C04F79EFBC}") = "RazeTech", "RazeTech\RazeTech.csproj", "{852B04A2-561D-4365-8FCF-81FD9B0E2B14}"
EndProject
Global
	GlobalSection(SolutionConfigurationPlatforms) = preSolution
		Debug|Any CPU = Debug|Any CPU
		Release|Any CPU = Release|Any CPU
	EndGlobalSection
	GlobalSection(ProjectConfigurationPlatforms) = postSolution
		{852B04A2-561D-4365-8FCF-81FD9B0E2B14}.Debug|Any CPU.ActiveCfg = Debug|Any CPU
		{852B04A2-561D-4365-8FCF-81FD9B0E2B14}.Debug|Any CPU.Build.0 = Debug|Any CPU
		{852B04A2-561D-4365-8FCF-81FD9B0E2B14}.Release|Any CPU.ActiveCfg = Release|Any CPU
		{852B04A2-561D-4365-8FCF-81FD9B0E2B14}.Release|Any CPU.Build.0 = Release|Any CPU
	EndGlobalSection
	GlobalSection(SolutionProperties) = preSolution
		HideSolutionNode = FALSE
	EndGlobalSection
	GlobalSection(ExtensibilityGlobals) = postSolution
		SolutionGuid = {17BB0F3C-B8EB-4AED-8B92-09D46C09286F}
	EndGlobalSection
EndGlobal
